{
  "name": "setup-app",
  "version": "1.2.8",
  "lockfileVersion": 1,
  "requires": true,
  "dependencies": {
    "eslint-config-setup-app": {
      "version": "1.2.7",
      "resolved": "https://registry.npmjs.org/eslint-config-setup-app/-/eslint-config-setup-app-1.2.7.tgz",
      "integrity": "sha512-232zZAz8dMYPExp42Eq2+afFHlo2idpDSqlTsvWsNF2x8t8sQgm6tR82S8tbthdgXt0fnC+M6HUpmq41yHBekw==",
      "dev": true
    }
  }
}
